
Microsoft Visual Studio Solution File, Format Version 12.00
Project("{FAE04EC0-301F-11D3-BF4B-00C04F79EFBC}") = "CharacterAttributeSystemTest", "CharacterAttributeSystemTest\CharacterAttributeSystemTest.csproj", "{C2C172DF-D71C-42CC-BFD7-907A8244EA7F}"
EndProject
Project("{FAE04EC0-301F-11D3-BF4B-00C04F79EFBC}") = "Test Suite", "Test Suite\Test Suite.csproj", "{5A815788-9B32-41EE-BB41-83DBCD98D417}"
EndProject
Global
	GlobalSection(SolutionConfigurationPlatforms) = preSolution
		Debug|Any CPU = Debug|Any CPU
		Release|Any CPU = Release|Any CPU
	EndGlobalSection
	GlobalSection(ProjectConfigurationPlatforms) = postSolution
		{C2C172DF-D71C-42CC-BFD7-907A8244EA7F}.Debug|Any CPU.ActiveCfg = Debug|Any CPU
		{C2C172DF-D71C-42CC-BFD7-907A8244EA7F}.Debug|Any CPU.Build.0 = Debug|Any CPU
		{C2C172DF-D71C-42CC-BFD7-907A8244EA7F}.Release|Any CPU.ActiveCfg = Release|Any CPU
		{C2C172DF-D71C-42CC-BFD7-907A8244EA7F}.Release|Any CPU.Build.0 = Release|Any CPU
		{5A815788-9B32-41EE-BB41-83DBCD98D417}.Debug|Any CPU.ActiveCfg = Debug|Any CPU
		{5A815788-9B32-41EE-BB41-83DBCD98D417}.Debug|Any CPU.Build.0 = Debug|Any CPU
		{5A815788-9B32-41EE-BB41-83DBCD98D417}.Release|Any CPU.ActiveCfg = Release|Any CPU
		{5A815788-9B32-41EE-BB41-83DBCD98D417}.Release|Any CPU.Build.0 = Release|Any CPU
	EndGlobalSection
EndGlobal
